
Microsoft Visual Studio Solution File, Format Version 12.00
# Visual Studio Version 16
VisualStudioVersion = 16.0.32901.82
MinimumVisualStudioVersion = 10.0.40219.1
Project("{FAE04EC0-301F-11D3-BF4B-00C04F79EFBC}") = "CSV", "CSV.csproj", "{14712C82-40D8-42CD-AE60-EF7A716F5C5F}"
EndProject
Global
	GlobalSection(SolutionConfigurationPlatforms) = preSolution
		Debug|Any CPU = Debug|Any CPU
		Release|Any CPU = Release|Any CPU
	EndGlobalSection
	GlobalSection(ProjectConfigurationPlatforms) = postSolution
		{14712C82-40D8-42CD-AE60-EF7A716F5C5F}.Debug|Any CPU.ActiveCfg = Debug|Any CPU
		{14712C82-40D8-42CD-AE60-EF7A716F5C5F}.Debug|Any CPU.Build.0 = Debug|Any CPU
		{14712C82-40D8-42CD-AE60-EF7A716F5C5F}.Release|Any CPU.ActiveCfg = Release|Any CPU
		{14712C82-40D8-42CD-AE60-EF7A716F5C5F}.Release|Any CPU.Build.0 = Release|Any CPU
	EndGlobalSection
	GlobalSection(SolutionProperties) = preSolution
		HideSolutionNode = FALSE
	EndGlobalSection
	GlobalSection(ExtensibilityGlobals) = postSolution
		SolutionGuid = {02299379-4758-4CEE-BBCE-50CC47FA9F45}
	EndGlobalSection
EndGlobal
