
Microsoft Visual Studio Solution File, Format Version 12.00
# Visual Studio Version 17
VisualStudioVersion = 17.3.32825.248
MinimumVisualStudioVersion = 10.0.40219.1
Project("{FAE04EC0-301F-11D3-BF4B-00C04F79EFBC}") = "CaixaDeSupermercado", "CaixaDeSupermercado.csproj", "{D766C205-569E-439C-9765-0E5A868E437E}"
EndProject
Global
	GlobalSection(SolutionConfigurationPlatforms) = preSolution
		Debug|Any CPU = Debug|Any CPU
		Release|Any CPU = Release|Any CPU
	EndGlobalSection
	GlobalSection(ProjectConfigurationPlatforms) = postSolution
		{D766C205-569E-439C-9765-0E5A868E437E}.Debug|Any CPU.ActiveCfg = Debug|Any CPU
		{D766C205-569E-439C-9765-0E5A868E437E}.Debug|Any CPU.Build.0 = Debug|Any CPU
		{D766C205-569E-439C-9765-0E5A868E437E}.Release|Any CPU.ActiveCfg = Release|Any CPU
		{D766C205-569E-439C-9765-0E5A868E437E}.Release|Any CPU.Build.0 = Release|Any CPU
	EndGlobalSection
	GlobalSection(SolutionProperties) = preSolution
		HideSolutionNode = FALSE
	EndGlobalSection
	GlobalSection(ExtensibilityGlobals) = postSolution
		SolutionGuid = {179CAD8C-3F7E-4245-9D08-FDD584ED2997}
	EndGlobalSection
EndGlobal
