
Microsoft Visual Studio Solution File, Format Version 12.00
# Visual Studio Version 16
VisualStudioVersion = 16.0.32901.82
MinimumVisualStudioVersion = 10.0.40219.1
Project("{FAE04EC0-301F-11D3-BF4B-00C04F79EFBC}") = "Escola", "Escola\Escola.csproj", "{CA3A412C-C508-43D8-B526-864A4DA30D0C}"
EndProject
Global
	GlobalSection(SolutionConfigurationPlatforms) = preSolution
		Debug|Any CPU = Debug|Any CPU
		Release|Any CPU = Release|Any CPU
	EndGlobalSection
	GlobalSection(ProjectConfigurationPlatforms) = postSolution
		{CA3A412C-C508-43D8-B526-864A4DA30D0C}.Debug|Any CPU.ActiveCfg = Debug|Any CPU
		{CA3A412C-C508-43D8-B526-864A4DA30D0C}.Debug|Any CPU.Build.0 = Debug|Any CPU
		{CA3A412C-C508-43D8-B526-864A4DA30D0C}.Release|Any CPU.ActiveCfg = Release|Any CPU
		{CA3A412C-C508-43D8-B526-864A4DA30D0C}.Release|Any CPU.Build.0 = Release|Any CPU
	EndGlobalSection
	GlobalSection(SolutionProperties) = preSolution
		HideSolutionNode = FALSE
	EndGlobalSection
	GlobalSection(ExtensibilityGlobals) = postSolution
		SolutionGuid = {9E915620-5251-49F5-941C-A16CF0E02734}
	EndGlobalSection
EndGlobal
